{
  "name": "jsx-parser",
  "version": "0.1.0-SNAPSHOT",
  "lockfileVersion": 1,
  "requires": true,
  "dependencies": {
    "async-limiter": {
      "version": "1.0.0",
      "resolved": "https://registry.npmjs.org/async-limiter/-/async-limiter-1.0.0.tgz",
      "integrity": "sha512-jp/uFnooOiO+L211eZOoSyzpOITMXx1rBITauYykG3BRYPu8h0UcxsPNB04RR5vo4Tyz3+ay17tR6JVf9qzYWg=="
    },
    "concat-stream": {
      "version": "1.6.0",
      "resolved": "https://registry.npmjs.org/concat-stream/-/concat-stream-1.6.0.tgz",
      "integrity": "sha1-CqxmL9Ur54lk1VMvaUeE5wEQrPc=",
      "requires": {
        "inherits": "2.0.3",
        "readable-stream": "2.3.4",
        "typedarray": "0.0.6"
      }
    },
    "content-type": {
      "version": "1.0.4",
      "resolved": "https://registry.npmjs.org/content-type/-/content-type-1.0.4.tgz",
      "integrity": "sha512-hIP3EEPs8tB9AT1L+NUqtwOAps4mk2Zob89MWXMHjHWg9milF/j4osnnQLXBCBFBk/tvIG/tUc9mOUJiPBhPXA=="
    },
    "cookies": {
      "version": "0.7.1",
      "resolved": "https://registry.npmjs.org/cookies/-/cookies-0.7.1.tgz",
      "integrity": "sha1-fIphX1SBxhq58WyDNzG8uPZjuZs=",
      "requires": {
        "depd": "1.1.2",
        "keygrip": "1.0.2"
      }
    },
    "core-util-is": {
      "version": "1.0.2",
      "resolved": "https://registry.npmjs.org/core-util-is/-/core-util-is-1.0.2.tgz",
      "integrity": "sha1-tf1UIgqivFq1eqtxQMlAdUUDwac="
    },
    "depd": {
      "version": "1.1.2",
      "resolved": "https://registry.npmjs.org/depd/-/depd-1.1.2.tgz",
      "integrity": "sha1-m81S4UwJd2PnSbJ0xDRu0uVgtak="
    },
    "etag": {
      "version": "1.8.1",
      "resolved": "https://registry.npmjs.org/etag/-/etag-1.8.1.tgz",
      "integrity": "sha1-Qa4u62XvpiJorr/qg6x9eSmbCIc="
    },
    "fd-slicer": {
      "version": "1.0.1",
      "resolved": "https://registry.npmjs.org/fd-slicer/-/fd-slicer-1.0.1.tgz",
      "integrity": "sha1-i1vL2ewyfFBBv5qwI/1nUPEXfmU=",
      "requires": {
        "pend": "1.2.0"
      }
    },
    "inherits": {
      "version": "2.0.3",
      "resolved": "https://registry.npmjs.org/inherits/-/inherits-2.0.3.tgz",
      "integrity": "sha1-Yzwsg+PaQqUC9SRmAiSA9CCCYd4="
    },
    "isarray": {
      "version": "1.0.0",
      "resolved": "https://registry.npmjs.org/isarray/-/isarray-1.0.0.tgz",
      "integrity": "sha1-u5NdSFgsuhaMBoNJV6VKPgcSTxE="
    },
    "keygrip": {
      "version": "1.0.2",
      "resolved": "https://registry.npmjs.org/keygrip/-/keygrip-1.0.2.tgz",
      "integrity": "sha1-rTKXxVcGneqLz+ek+kkbdcXd65E="
    },
    "lru": {
      "version": "3.1.0",
      "resolved": "https://registry.npmjs.org/lru/-/lru-3.1.0.tgz",
      "integrity": "sha1-6n+4VG2DczOWoTCR12z+tMBoN9U=",
      "requires": {
        "inherits": "2.0.3"
      }
    },
    "multiparty": {
      "version": "4.1.3",
      "resolved": "https://registry.npmjs.org/multiparty/-/multiparty-4.1.3.tgz",
      "integrity": "sha1-PEPH/LGJbhdGBDap3Qtu8WaOT5Q=",
      "requires": {
        "fd-slicer": "1.0.1"
      }
    },
    "pend": {
      "version": "1.2.0",
      "resolved": "https://registry.npmjs.org/pend/-/pend-1.2.0.tgz",
      "integrity": "sha1-elfrVQpng/kRUzH89GY9XI4AelA="
    },
    "process-nextick-args": {
      "version": "2.0.0",
      "resolved": "https://registry.npmjs.org/process-nextick-args/-/process-nextick-args-2.0.0.tgz",
      "integrity": "sha512-MtEC1TqN0EU5nephaJ4rAtThHtC86dNN9qCuEhtshvpVBkAW5ZO7BASN9REnF9eoXGcRub+pFuKEpOHE+HbEMw=="
    },
    "punycode": {
      "version": "1.3.2",
      "resolved": "https://registry.npmjs.org/punycode/-/punycode-1.3.2.tgz",
      "integrity": "sha1-llOgNvt8HuQjQvIyXM7v6jkmxI0="
    },
    "qs": {
      "version": "6.5.1",
      "resolved": "https://registry.npmjs.org/qs/-/qs-6.5.1.tgz",
      "integrity": "sha512-eRzhrN1WSINYCDCbrz796z37LOe3m5tmW7RQf6oBntukAG1nmovJvhnwHHRMAfeoItc1m2Hk02WER2aQ/iqs+A=="
    },
    "querystring": {
      "version": "0.2.0",
      "resolved": "https://registry.npmjs.org/querystring/-/querystring-0.2.0.tgz",
      "integrity": "sha1-sgmEkgO7Jd+CDadW50cAWHhSFiA="
    },
    "random-bytes": {
      "version": "1.0.0",
      "resolved": "https://registry.npmjs.org/random-bytes/-/random-bytes-1.0.0.tgz",
      "integrity": "sha1-T2ih3Arli9P7lYSMMDJNt11kNgs="
    },
    "readable-stream": {
      "version": "2.3.4",
      "resolved": "https://registry.npmjs.org/readable-stream/-/readable-stream-2.3.4.tgz",
      "integrity": "sha512-vuYxeWYM+fde14+rajzqgeohAI7YoJcHE7kXDAc4Nk0EbuKnJfqtY9YtRkLo/tqkuF7MsBQRhPnPeyjYITp3ZQ==",
      "requires": {
        "core-util-is": "1.0.2",
        "inherits": "2.0.3",
        "isarray": "1.0.0",
        "process-nextick-args": "2.0.0",
        "safe-buffer": "5.1.1",
        "string_decoder": "1.0.3",
        "util-deprecate": "1.0.2"
      }
    },
    "safe-buffer": {
      "version": "5.1.1",
      "resolved": "https://registry.npmjs.org/safe-buffer/-/safe-buffer-5.1.1.tgz",
      "integrity": "sha512-kKvNJn6Mm93gAczWVJg7wH+wGYWNrDHdWvpUmHyEsgCtIwwo3bqPtV4tR5tuPaUhTOo/kvhVwd8XwwOllGYkbg=="
    },
    "scmp": {
      "version": "0.0.3",
      "resolved": "https://registry.npmjs.org/scmp/-/scmp-0.0.3.tgz",
      "integrity": "sha1-NkjfLXKUZB5/eGc//CloHZutkHM="
    },
    "simple-encryptor": {
      "version": "1.1.1",
      "resolved": "https://registry.npmjs.org/simple-encryptor/-/simple-encryptor-1.1.1.tgz",
      "integrity": "sha512-6w6bRBuA5kJsA/4FtCqIHt1kxRWSgj5ph3HozPZOUN1k8GdCkRgbgCuw5xjesgXMuT9+vH4/K/pZZA2iePwpCw==",
      "requires": {
        "scmp": "0.0.3"
      }
    },
    "source-map": {
      "version": "0.5.7",
      "resolved": "https://registry.npmjs.org/source-map/-/source-map-0.5.7.tgz",
      "integrity": "sha1-igOdLRAh0i0eoUyA2OpGi6LvP8w="
    },
    "source-map-support": {
      "version": "0.4.6",
      "resolved": "https://registry.npmjs.org/source-map-support/-/source-map-support-0.4.6.tgz",
      "integrity": "sha1-MlUqpktFg5KoXqs7C17mFScWeus=",
      "requires": {
        "source-map": "0.5.7"
      }
    },
    "string_decoder": {
      "version": "1.0.3",
      "resolved": "https://registry.npmjs.org/string_decoder/-/string_decoder-1.0.3.tgz",
      "integrity": "sha512-4AH6Z5fzNNBcH+6XDMfA/BTt87skxqJlO0lAh3Dker5zThcAxG6mKz+iGu308UKoPPQ8Dcqx/4JhujzltRa+hQ==",
      "requires": {
        "safe-buffer": "5.1.1"
      }
    },
    "typedarray": {
      "version": "0.0.6",
      "resolved": "https://registry.npmjs.org/typedarray/-/typedarray-0.0.6.tgz",
      "integrity": "sha1-hnrHTjhkGHsdPUfZlqeOxciDB3c="
    },
    "ultron": {
      "version": "1.1.1",
      "resolved": "https://registry.npmjs.org/ultron/-/ultron-1.1.1.tgz",
      "integrity": "sha512-UIEXBNeYmKptWH6z8ZnqTeS8fV74zG0/eRU9VGkpzz+LIJNs8W/zM/L+7ctCkRrgbNnnR0xxw4bKOr0cW0N0Og=="
    },
    "url": {
      "version": "0.11.0",
      "resolved": "https://registry.npmjs.org/url/-/url-0.11.0.tgz",
      "integrity": "sha1-ODjpfPxgUh63PFJajlW/3Z4uKPE=",
      "requires": {
        "punycode": "1.3.2",
        "querystring": "0.2.0"
      }
    },
    "util-deprecate": {
      "version": "1.0.2",
      "resolved": "https://registry.npmjs.org/util-deprecate/-/util-deprecate-1.0.2.tgz",
      "integrity": "sha1-RQ1Nyfpw3nMnYvvS1KKJgUGaDM8="
    },
    "ws": {
      "version": "3.3.3",
      "resolved": "https://registry.npmjs.org/ws/-/ws-3.3.3.tgz",
      "integrity": "sha512-nnWLa/NwZSt4KQJu51MYlCcSQ5g7INpOrOMt4XV8j4dqTXdmlUmSHQ8/oLC069ckre0fRsgfvsKwbTdtKLCDkA==",
      "requires": {
        "async-limiter": "1.0.0",
        "safe-buffer": "5.1.1",
        "ultron": "1.1.1"
      }
    }
  }
}
